// !$*UTF8*$!
{
	archiveVersion = 1;
	classes = {
	};
	objectVersion = 50;
	objects = {

/* Begin PBXBuildFile section */
		D7187E6021C0CA0A00DBEEA1 /* AppDelegate.swift in Sources */ = {isa = PBXBuildFile; fileRef = D7187E5F21C0CA0A00DBEEA1 /* AppDelegate.swift */; };
		D7187E6521C0CA0A00DBEEA1 /* Main.storyboard in Resources */ = {isa = PBXBuildFile; fileRef = D7187E6321C0CA0A00DBEEA1 /* Main.storyboard */; };
		D7187E6721C0CA0B00DBEEA1 /* Assets.xcassets in Resources */ = {isa = PBXBuildFile; fileRef = D7187E6621C0CA0B00DBEEA1 /* Assets.xcassets */; };
		D7187E6A21C0CA0B00DBEEA1 /* LaunchScreen.storyboard in Resources */ = {isa = PBXBuildFile; fileRef = D7187E6821C0CA0B00DBEEA1 /* LaunchScreen.storyboard */; };
		D7187E7221C0CA4C00DBEEA1 /* ListTableViewController.swift in Sources */ = {isa = PBXBuildFile; fileRef = D7187E7121C0CA4C00DBEEA1 /* ListTableViewController.swift */; };
		D7187E7521C0CA7C00DBEEA1 /* CommentListCell.swift in Sources */ = {isa = PBXBuildFile; fileRef = D7187E7321C0CA7C00DBEEA1 /* CommentListCell.swift */; };
		D7187E7621C0CA7C00DBEEA1 /* CommentListCell.xib in Resources */ = {isa = PBXBuildFile; fileRef = D7187E7421C0CA7C00DBEEA1 /* CommentListCell.xib */; };
		D7187E7A21C0CCA700DBEEA1 /* CommentCell.swift in Sources */ = {isa = PBXBuildFile; fileRef = D7187E7821C0CCA700DBEEA1 /* CommentCell.swift */; };
		D7187E7B21C0CCA700DBEEA1 /* CommentCell.xib in Resources */ = {isa = PBXBuildFile; fileRef = D7187E7921C0CCA700DBEEA1 /* CommentCell.xib */; };
		D7187E7E21C0CCBB00DBEEA1 /* ReplyCell.swift in Sources */ = {isa = PBXBuildFile; fileRef = D7187E7C21C0CCBB00DBEEA1 /* ReplyCell.swift */; };
		D7187E7F21C0CCBB00DBEEA1 /* ReplyCell.xib in Resources */ = {isa = PBXBuildFile; fileRef = D7187E7D21C0CCBB00DBEEA1 /* ReplyCell.xib */; };
		D7187E8321C0CD4800DBEEA1 /* Comment.swift in Sources */ = {isa = PBXBuildFile; fileRef = D7187E8221C0CD4800DBEEA1 /* Comment.swift */; };
/* End PBXBuildFile section */

/* Begin PBXFileReference section */
		D7187E5C21C0CA0A00DBEEA1 /* CommentTestProject.app */ = {isa = PBXFileReference; explicitFileType = wrapper.application; includeInIndex = 0; path = CommentTestProject.app; sourceTree = BUILT_PRODUCTS_DIR; };
		D7187E5F21C0CA0A00DBEEA1 /* AppDelegate.swift */ = {isa = PBXFileReference; lastKnownFileType = sourcecode.swift; path = AppDelegate.swift; sourceTree = "<group>"; };
		D7187E6421C0CA0A00DBEEA1 /* Base */ = {isa = PBXFileReference; lastKnownFileType = file.storyboard; name = Base; path = Base.lproj/Main.storyboard; sourceTree = "<group>"; };
		D7187E6621C0CA0B00DBEEA1 /* Assets.xcassets */ = {isa = PBXFileReference; lastKnownFileType = folder.assetcatalog; path = Assets.xcassets; sourceTree = "<group>"; };
		D7187E6921C0CA0B00DBEEA1 /* Base */ = {isa = PBXFileReference; lastKnownFileType = file.storyboard; name = Base; path = Base.lproj/LaunchScreen.storyboard; sourceTree = "<group>"; };
		D7187E6B21C0CA0B00DBEEA1 /* Info.plist */ = {isa = PBXFileReference; lastKnownFileType = text.plist.xml; path = Info.plist; sourceTree = "<group>"; };
		D7187E7121C0CA4C00DBEEA1 /* ListTableViewController.swift */ = {isa = PBXFileReference; lastKnownFileType = sourcecode.swift; path = ListTableViewController.swift; sourceTree = "<group>"; };
		D7187E7321C0CA7C00DBEEA1 /* CommentListCell.swift */ = {isa = PBXFileReference; lastKnownFileType = sourcecode.swift; path = CommentListCell.swift; sourceTree = "<group>"; };
		D7187E7421C0CA7C00DBEEA1 /* CommentListCell.xib */ = {isa = PBXFileReference; lastKnownFileType = file.xib; path = CommentListCell.xib; sourceTree = "<group>"; };
		D7187E7821C0CCA700DBEEA1 /* CommentCell.swift */ = {isa = PBXFileReference; lastKnownFileType = sourcecode.swift; path = CommentCell.swift; sourceTree = "<group>"; };
		D7187E7921C0CCA700DBEEA1 /* CommentCell.xib */ = {isa = PBXFileReference; lastKnownFileType = file.xib; path = CommentCell.xib; sourceTree = "<group>"; };
		D7187E7C21C0CCBB00DBEEA1 /* ReplyCell.swift */ = {isa = PBXFileReference; lastKnownFileType = sourcecode.swift; path = ReplyCell.swift; sourceTree = "<group>"; };
		D7187E7D21C0CCBB00DBEEA1 /* ReplyCell.xib */ = {isa = PBXFileReference; lastKnownFileType = file.xib; path = ReplyCell.xib; sourceTree = "<group>"; };
		D7187E8221C0CD4800DBEEA1 /* Comment.swift */ = {isa = PBXFileReference; lastKnownFileType = sourcecode.swift; path = Comment.swift; sourceTree = "<group>"; };
/* End PBXFileReference section */

/* Begin PBXFrameworksBuildPhase section */
		D7187E5921C0CA0A00DBEEA1 /* Frameworks */ = {
			isa = PBXFrameworksBuildPhase;
			buildActionMask = 2147483647;
			files = (
			);
			runOnlyForDeploymentPostprocessing = 0;
		};
/* End PBXFrameworksBuildPhase section */

/* Begin PBXGroup section */
		D7187E5321C0CA0A00DBEEA1 = {
			isa = PBXGroup;
			children = (
				D7187E5E21C0CA0A00DBEEA1 /* CommentTestProject */,
				D7187E5D21C0CA0A00DBEEA1 /* Products */,
			);
			sourceTree = "<group>";
		};
		D7187E5D21C0CA0A00DBEEA1 /* Products */ = {
			isa = PBXGroup;
			children = (
				D7187E5C21C0CA0A00DBEEA1 /* CommentTestProject.app */,
			);
			name = Products;
			sourceTree = "<group>";
		};
		D7187E5E21C0CA0A00DBEEA1 /* CommentTestProject */ = {
			isa = PBXGroup;
			children = (
				D7187E5F21C0CA0A00DBEEA1 /* AppDelegate.swift */,
				D7187E7121C0CA4C00DBEEA1 /* ListTableViewController.swift */,
				D7187E8121C0CD3A00DBEEA1 /* View */,
				D7187E8021C0CD3500DBEEA1 /* Model */,
				D7187E6321C0CA0A00DBEEA1 /* Main.storyboard */,
				D7187E6621C0CA0B00DBEEA1 /* Assets.xcassets */,
				D7187E6821C0CA0B00DBEEA1 /* LaunchScreen.storyboard */,
				D7187E6B21C0CA0B00DBEEA1 /* Info.plist */,
			);
			path = CommentTestProject;
			sourceTree = "<group>";
		};
		D7187E8021C0CD3500DBEEA1 /* Model */ = {
			isa = PBXGroup;
			children = (
				D7187E8221C0CD4800DBEEA1 /* Comment.swift */,
			);
			path = Model;
			sourceTree = "<group>";
		};
		D7187E8121C0CD3A00DBEEA1 /* View */ = {
			isa = PBXGroup;
			children = (
				D7187E7321C0CA7C00DBEEA1 /* CommentListCell.swift */,
				D7187E7421C0CA7C00DBEEA1 /* CommentListCell.xib */,
				D7187E7821C0CCA700DBEEA1 /* CommentCell.swift */,
				D7187E7921C0CCA700DBEEA1 /* CommentCell.xib */,
				D7187E7C21C0CCBB00DBEEA1 /* ReplyCell.swift */,
				D7187E7D21C0CCBB00DBEEA1 /* ReplyCell.xib */,
			);
			path = View;
			sourceTree = "<group>";
		};
/* End PBXGroup section */

/* Begin PBXNativeTarget section */
		D7187E5B21C0CA0A00DBEEA1 /* CommentTestProject */ = {
			isa = PBXNativeTarget;
			buildConfigurationList = D7187E6E21C0CA0B00DBEEA1 /* Build configuration list for PBXNativeTarget "CommentTestProject" */;
			buildPhases = (
				D7187E5821C0CA0A00DBEEA1 /* Sources */,
				D7187E5921C0CA0A00DBEEA1 /* Frameworks */,
				D7187E5A21C0CA0A00DBEEA1 /* Resources */,
			);
			buildRules = (
			);
			dependencies = (
			);
			name = CommentTestProject;
			productName = CommentTestProject;
			productReference = D7187E5C21C0CA0A00DBEEA1 /* CommentTestProject.app */;
			productType = "com.apple.product-type.application";
		};
/* End PBXNativeTarget section */

/* Begin PBXProject section */
		D7187E5421C0CA0A00DBEEA1 /* Project object */ = {
			isa = PBXProject;
			attributes = {
				LastSwiftUpdateCheck = 1010;
				LastUpgradeCheck = 1010;
				TargetAttributes = {
					D7187E5B21C0CA0A00DBEEA1 = {
						CreatedOnToolsVersion = 10.1;
					};
				};
			};
			buildConfigurationList = D7187E5721C0CA0A00DBEEA1 /* Build configuration list for PBXProject "CommentTestProject" */;
			compatibilityVersion = "Xcode 9.3";
			developmentRegion = en;
			hasScannedForEncodings = 0;
			knownRegions = (
				en,
				Base,
			);
			mainGroup = D7187E5321C0CA0A00DBEEA1;
			productRefGroup = D7187E5D21C0CA0A00DBEEA1 /* Products */;
			projectDirPath = "";
			projectRoot = "";
			targets = (
				D7187E5B21C0CA0A00DBEEA1 /* CommentTestProject */,
			);
		};
/* End PBXProject section */

/* Begin PBXResourcesBuildPhase section */
		D7187E5A21C0CA0A00DBEEA1 /* Resources */ = {
			isa = PBXResourcesBuildPhase;
			buildActionMask = 2147483647;
			files = (
				D7187E7B21C0CCA700DBEEA1 /* CommentCell.xib in Resources */,
				D7187E6A21C0CA0B00DBEEA1 /* LaunchScreen.storyboard in Resources */,
				D7187E7F21C0CCBB00DBEEA1 /* ReplyCell.xib in Resources */,
				D7187E6721C0CA0B00DBEEA1 /* Assets.xcassets in Resources */,
				D7187E6521C0CA0A00DBEEA1 /* Main.storyboard in Resources */,
				D7187E7621C0CA7C00DBEEA1 /* CommentListCell.xib in Resources */,
			);
			runOnlyForDeploymentPostprocessing = 0;
		};
/* End PBXResourcesBuildPhase section */

/* Begin PBXSourcesBuildPhase section */
		D7187E5821C0CA0A00DBEEA1 /* Sources */ = {
			isa = PBXSourcesBuildPhase;
			buildActionMask = 2147483647;
			files = (
				D7187E7221C0CA4C00DBEEA1 /* ListTableViewController.swift in Sources */,
				D7187E8321C0CD4800DBEEA1 /* Comment.swift in Sources */,
				D7187E6021C0CA0A00DBEEA1 /* AppDelegate.swift in Sources */,
				D7187E7E21C0CCBB00DBEEA1 /* ReplyCell.swift in Sources */,
				D7187E7521C0CA7C00DBEEA1 /* CommentListCell.swift in Sources */,
				D7187E7A21C0CCA700DBEEA1 /* CommentCell.swift in Sources */,
			);
			runOnlyForDeploymentPostprocessing = 0;
		};
/* End PBXSourcesBuildPhase section */

/* Begin PBXVariantGroup section */
		D7187E6321C0CA0A00DBEEA1 /* Main.storyboard */ = {
			isa = PBXVariantGroup;
			children = (
				D7187E6421C0CA0A00DBEEA1 /* Base */,
			);
			name = Main.storyboard;
			sourceTree = "<group>";
		};
		D7187E6821C0CA0B00DBEEA1 /* LaunchScreen.storyboard */ = {
			isa = PBXVariantGroup;
			children = (
				D7187E6921C0CA0B00DBEEA1 /* Base */,
			);
			name = LaunchScreen.storyboard;
			sourceTree = "<group>";
		};
/* End PBXVariantGroup section */

/* Begin XCBuildConfiguration section */
		D7187E6C21C0CA0B00DBEEA1 /* Debug */ = {
			isa = XCBuildConfiguration;
			buildSettings = {
				ALWAYS_SEARCH_USER_PATHS = NO;
				CLANG_ANALYZER_NONNULL = YES;
				CLANG_ANALYZER_NUMBER_OBJECT_CONVERSION = YES_AGGRESSIVE;
				CLANG_CXX_LANGUAGE_STANDARD = "gnu++14";
				CLANG_CXX_LIBRARY = "libc++";
				CLANG_ENABLE_MODULES = YES;
				CLANG_ENABLE_OBJC_ARC = YES;
				CLANG_ENABLE_OBJC_WEAK = YES;
				CLANG_WARN_BLOCK_CAPTURE_AUTORELEASING = YES;
				CLANG_WARN_BOOL_CONVERSION = YES;
				CLANG_WARN_COMMA = YES;
				CLANG_WARN_CONSTANT_CONVERSION = YES;
				CLANG_WARN_DEPRECATED_OBJC_IMPLEMENTATIONS = YES;
				CLANG_WARN_DIRECT_OBJC_ISA_USAGE = YES_ERROR;
				CLANG_WARN_DOCUMENTATION_COMMENTS = YES;
				CLANG_WARN_EMPTY_BODY = YES;
				CLANG_WARN_ENUM_CONVERSION = YES;
				CLANG_WARN_INFINITE_RECURSION = YES;
				CLANG_WARN_INT_CONVERSION = YES;
				CLANG_WARN_NON_LITERAL_NULL_CONVERSION = YES;
				CLANG_WARN_OBJC_IMPLICIT_RETAIN_SELF = YES;
				CLANG_WARN_OBJC_LITERAL_CONVERSION = YES;
				CLANG_WARN_OBJC_ROOT_CLASS = YES_ERROR;
				CLANG_WARN_RANGE_LOOP_ANALYSIS = YES;
				CLANG_WARN_STRICT_PROTOTYPES = YES;
				CLANG_WARN_SUSPICIOUS_MOVE = YES;
				CLANG_WARN_UNGUARDED_AVAILABILITY = YES_AGGRESSIVE;
				CLANG_WARN_UNREACHABLE_CODE = YES;
				CLANG_WARN__DUPLICATE_METHOD_MATCH = YES;
				CODE_SIGN_IDENTITY = "iPhone Developer";
				COPY_PHASE_STRIP = NO;
				DEBUG_INFORMATION_FORMAT = dwarf;
				ENABLE_STRICT_OBJC_MSGSEND = YES;
				ENABLE_TESTABILITY = YES;
				GCC_C_LANGUAGE_STANDARD = gnu11;
				GCC_DYNAMIC_NO_PIC = NO;
				GCC_NO_COMMON_BLOCKS = YES;
				GCC_OPTIMIZATION_LEVEL = 0;
				GCC_PREPROCESSOR_DEFINITIONS = (
					"DEBUG=1",
					"$(inherited)",
				);
				GCC_WARN_64_TO_32_BIT_CONVERSION = YES;
				GCC_WARN_ABOUT_RETURN_TYPE = YES_ERROR;
				GCC_WARN_UNDECLARED_SELECTOR = YES;
				GCC_WARN_UNINITIALIZED_AUTOS = YES_AGGRESSIVE;
				GCC_WARN_UNUSED_FUNCTION = YES;
				GCC_WARN_UNUSED_VARIABLE = YES;
				IPHONEOS_DEPLOYMENT_TARGET = 12.1;
				MTL_ENABLE_DEBUG_INFO = INCLUDE_SOURCE;
				MTL_FAST_MATH = YES;
				ONLY_ACTIVE_ARCH = YES;
				SDKROOT = iphoneos;
				SWIFT_ACTIVE_COMPILATION_CONDITIONS = DEBUG;
				SWIFT_OPTIMIZATION_LEVEL = "-Onone";
			};
			name = Debug;
		};
		D7187E6D21C0CA0B00DBEEA1 /* Release */ = {
			isa = XCBuildConfiguration;
			buildSettings = {
				ALWAYS_SEARCH_USER_PATHS = NO;
				CLANG_ANALYZER_NONNULL = YES;
				CLANG_ANALYZER_NUMBER_OBJECT_CONVERSION = YES_AGGRESSIVE;
				CLANG_CXX_LANGUAGE_STANDARD = "gnu++14";
				CLANG_CXX_LIBRARY = "libc++";
				CLANG_ENABLE_MODULES = YES;
				CLANG_ENABLE_OBJC_ARC = YES;
				CLANG_ENABLE_OBJC_WEAK = YES;
				CLANG_WARN_BLOCK_CAPTURE_AUTORELEASING = YES;
				CLANG_WARN_BOOL_CONVERSION = YES;
				CLANG_WARN_COMMA = YES;
				CLANG_WARN_CONSTANT_CONVERSION = YES;
				CLANG_WARN_DEPRECATED_OBJC_IMPLEMENTATIONS = YES;
				CLANG_WARN_DIRECT_OBJC_ISA_USAGE = YES_ERROR;
				CLANG_WARN_DOCUMENTATION_COMMENTS = YES;
				CLANG_WARN_EMPTY_BODY = YES;
				CLANG_WARN_ENUM_CONVERSION = YES;
				CLANG_WARN_INFINITE_RECURSION = YES;
				CLANG_WARN_INT_CONVERSION = YES;
				CLANG_WARN_NON_LITERAL_NULL_CONVERSION = YES;
				CLANG_WARN_OBJC_IMPLICIT_RETAIN_SELF = YES;
				CLANG_WARN_OBJC_LITERAL_CONVERSION = YES;
				CLANG_WARN_OBJC_ROOT_CLASS = YES_ERROR;
				CLANG_WARN_RANGE_LOOP_ANALYSIS = YES;
				CLANG_WARN_STRICT_PROTOTYPES = YES;
				CLANG_WARN_SUSPICIOUS_MOVE = YES;
				CLANG_WARN_UNGUARDED_AVAILABILITY = YES_AGGRESSIVE;
				CLANG_WARN_UNREACHABLE_CODE = YES;
				CLANG_WARN__DUPLICATE_METHOD_MATCH = YES;
				CODE_SIGN_IDENTITY = "iPhone Developer";
				COPY_PHASE_STRIP = NO;
				DEBUG_INFORMATION_FORMAT = "dwarf-with-dsym";
				ENABLE_NS_ASSERTIONS = NO;
				ENABLE_STRICT_OBJC_MSGSEND = YES;
				GCC_C_LANGUAGE_STANDARD = gnu11;
				GCC_NO_COMMON_BLOCKS = YES;
				GCC_WARN_64_TO_32_BIT_CONVERSION = YES;
				GCC_WARN_ABOUT_RETURN_TYPE = YES_ERROR;
				GCC_WARN_UNDECLARED_SELECTOR = YES;
				GCC_WARN_UNINITIALIZED_AUTOS = YES_AGGRESSIVE;
				GCC_WARN_UNUSED_FUNCTION = YES;
				GCC_WARN_UNUSED_VARIABLE = YES;
				IPHONEOS_DEPLOYMENT_TARGET = 12.1;
				MTL_ENABLE_DEBUG_INFO = NO;
				MTL_FAST_MATH = YES;
				SDKROOT = iphoneos;
				SWIFT_COMPILATION_MODE = wholemodule;
				SWIFT_OPTIMIZATION_LEVEL = "-O";
				VALIDATE_PRODUCT = YES;
			};
			name = Release;
		};
		D7187E6F21C0CA0B00DBEEA1 /* Debug */ = {
			isa = XCBuildConfiguration;
			buildSettings = {
				ASSETCATALOG_COMPILER_APPICON_NAME = AppIcon;
				CODE_SIGN_IDENTITY = "iPhone Developer";
				CODE_SIGN_STYLE = Automatic;
				DEVELOPMENT_TEAM = "";
				INFOPLIST_FILE = CommentTestProject/Info.plist;
				IPHONEOS_DEPLOYMENT_TARGET = 11.0;
				LD_RUNPATH_SEARCH_PATHS = (
					"$(inherited)",
					"@executable_path/Frameworks",
				);
				PRODUCT_BUNDLE_IDENTIFIER = Test.CommentTestProject;
				PRODUCT_NAME = "$(TARGET_NAME)";
				PROVISIONING_PROFILE_SPECIFIER = "";
				SWIFT_VERSION = 4.2;
				TARGETED_DEVICE_FAMILY = "1,2";
			};
			name = Debug;
		};
		D7187E7021C0CA0B00DBEEA1 /* Release */ = {
			isa = XCBuildConfiguration;
			buildSettings = {
				ASSETCATALOG_COMPILER_APPICON_NAME = AppIcon;
				CODE_SIGN_IDENTITY = "iPhone Developer";
				CODE_SIGN_STYLE = Automatic;
				DEVELOPMENT_TEAM = "";
				INFOPLIST_FILE = CommentTestProject/Info.plist;
				IPHONEOS_DEPLOYMENT_TARGET = 11.0;
				LD_RUNPATH_SEARCH_PATHS = (
					"$(inherited)",
					"@executable_path/Frameworks",
				);
				PRODUCT_BUNDLE_IDENTIFIER = Test.CommentTestProject;
				PRODUCT_NAME = "$(TARGET_NAME)";
				PROVISIONING_PROFILE_SPECIFIER = "";
				SWIFT_VERSION = 4.2;
				TARGETED_DEVICE_FAMILY = "1,2";
			};
			name = Release;
		};
/* End XCBuildConfiguration section */

/* Begin XCConfigurationList section */
		D7187E5721C0CA0A00DBEEA1 /* Build configuration list for PBXProject "CommentTestProject" */ = {
			isa = XCConfigurationList;
			buildConfigurations = (
				D7187E6C21C0CA0B00DBEEA1 /* Debug */,
				D7187E6D21C0CA0B00DBEEA1 /* Release */,
			);
			defaultConfigurationIsVisible = 0;
			defaultConfigurationName = Release;
		};
		D7187E6E21C0CA0B00DBEEA1 /* Build configuration list for PBXNativeTarget "CommentTestProject" */ = {
			isa = XCConfigurationList;
			buildConfigurations = (
				D7187E6F21C0CA0B00DBEEA1 /* Debug */,
				D7187E7021C0CA0B00DBEEA1 /* Release */,
			);
			defaultConfigurationIsVisible = 0;
			defaultConfigurationName = Release;
		};
/* End XCConfigurationList section */
	};
	rootObject = D7187E5421C0CA0A00DBEEA1 /* Project object */;
}
